
Microsoft Visual Studio Solution File, Format Version 12.00
# Visual Studio Version 17
VisualStudioVersion = 17.1.32210.238
MinimumVisualStudioVersion = 10.0.40219.1
Project("{FAE04EC0-301F-11D3-BF4B-00C04F79EFBC}") = "US-PrimarcyApp", "US-PrimarcyApp\US-PrimarcyApp.csproj", "{0AAD92E4-E170-4F2B-9679-F11D1E55C0D9}"
EndProject
Global
	GlobalSection(SolutionConfigurationPlatforms) = preSolution
		Debug|Any CPU = Debug|Any CPU
		Release|Any CPU = Release|Any CPU
	EndGlobalSection
	GlobalSection(ProjectConfigurationPlatforms) = postSolution
		{0AAD92E4-E170-4F2B-9679-F11D1E55C0D9}.Debug|Any CPU.ActiveCfg = Debug|Any CPU
		{0AAD92E4-E170-4F2B-9679-F11D1E55C0D9}.Debug|Any CPU.Build.0 = Debug|Any CPU
		{0AAD92E4-E170-4F2B-9679-F11D1E55C0D9}.Release|Any CPU.ActiveCfg = Release|Any CPU
		{0AAD92E4-E170-4F2B-9679-F11D1E55C0D9}.Release|Any CPU.Build.0 = Release|Any CPU
	EndGlobalSection
	GlobalSection(SolutionProperties) = preSolution
		HideSolutionNode = FALSE
	EndGlobalSection
	GlobalSection(ExtensibilityGlobals) = postSolution
		SolutionGuid = {B3CCA8F3-D32B-4E5F-9F44-43328F07C843}
	EndGlobalSection
EndGlobal
